dependencies:
- name: zeebe-cluster
  repository: https://helm.zeebe.io
  version: 0.0.100
- name: zeebe-operate
  repository: https://helm.zeebe.io
  version: 0.0.22
- name: elasticsearch
  repository: http://helm.elastic.co
  version: 7.7.0
- name: kibana
  repository: http://helm.elastic.co
  version: 7.7.0
digest: sha256:d27c777b9b038ccdf0f55269ba1ee9b6a7fe6dd868514c8e6b48d7fcaf286833
generated: "2020-05-19T12:39:20.542298694+02:00"
