dependencies:
- name: zeebe-cluster
  repository: https://helm.zeebe.io
  version: 0.0.122
- name: zeebe-operate
  repository: https://helm.zeebe.io
  version: 0.0.22
- name: elasticsearch
  repository: http://helm.elastic.co
  version: 7.7.0
- name: kibana
  repository: http://helm.elastic.co
  version: 7.7.0
- name: mysql
  repository: https://kubernetes-charts.storage.googleapis.com
  version: 1.6.2
digest: sha256:1b16459fb494d8810369a764d8d28367fcf5181915cdff07763c22be0c414cc3
generated: "2020-06-17T17:41:12.498046106+02:00"
