dependencies:
- name: zeebe-cluster
  repository: https://helm.zeebe.io
  version: 0.0.100
- name: zeebe-operate
  repository: https://helm.zeebe.io
  version: 0.0.22
- name: elasticsearch
  repository: http://helm.elastic.co
  version: 7.7.0
- name: kibana
  repository: http://helm.elastic.co
  version: 7.7.0
digest: sha256:4af7378fbd0f8cc9c50599eae324faa135fc954893c50dd2872fcadc087e3bf3
generated: "2020-05-19T12:12:25.551055902+02:00"
